
Microsoft Visual Studio Solution File, Format Version 12.00
# Visual Studio Version 17
VisualStudioVersion = 17.9.34728.123
MinimumVisualStudioVersion = 10.0.40219.1
Project("{FAE04EC0-301F-11D3-BF4B-00C04F79EFBC}") = "Shuffler", "Shuffler.csproj", "{62FFD18D-642B-45CF-BA94-A08811DD66DA}"
EndProject
Global
	GlobalSection(SolutionConfigurationPlatforms) = preSolution
		Debug|Any CPU = Debug|Any CPU
		Release|Any CPU = Release|Any CPU
	EndGlobalSection
	GlobalSection(ProjectConfigurationPlatforms) = postSolution
		{62FFD18D-642B-45CF-BA94-A08811DD66DA}.Debug|Any CPU.ActiveCfg = Debug|Any CPU
		{62FFD18D-642B-45CF-BA94-A08811DD66DA}.Debug|Any CPU.Build.0 = Debug|Any CPU
		{62FFD18D-642B-45CF-BA94-A08811DD66DA}.Release|Any CPU.ActiveCfg = Release|Any CPU
		{62FFD18D-642B-45CF-BA94-A08811DD66DA}.Release|Any CPU.Build.0 = Release|Any CPU
	EndGlobalSection
	GlobalSection(SolutionProperties) = preSolution
		HideSolutionNode = FALSE
	EndGlobalSection
	GlobalSection(ExtensibilityGlobals) = postSolution
		SolutionGuid = {F662E7BB-0979-4DB7-ABF2-A749FA4FC987}
	EndGlobalSection
EndGlobal
